<?xml version="1.0" encoding="utf-8"?>
<Project ToolsVersion="4.0" xmlns="http://schemas.microsoft.com/developer/msbuild/2003">
  <ItemGroup>
    <Filter Include="Source Files">
      <UniqueIdentifier>{4FC737F1-C7A5-4376-A066-2A32D752A2FF}</UniqueIdentifier>
      <Extensions>cpp;c;cc;cxx;c++;cppm;ixx;def;odl;idl;hpj;bat;asm;asmx</Extensions>
    </Filter>
    <Filter Include="Header Files">
      <UniqueIdentifier>{93995380-89BD-4b04-88EB-625FBE52EBFB}</UniqueIdentifier>
      <Extensions>h;hh;hpp;hxx;h++;hm;inl;inc;ipp;xsd</Extensions>
    </Filter>
    <Filter Include="math">
      <UniqueIdentifier>{d01d4ff0-9ad5-46df-9095-609bcbcf5263}</UniqueIdentifier>
    </Filter>
    <Filter Include="window">
      <UniqueIdentifier>{87e8a099-a76e-4d62-9c9d-1429ed737312}</UniqueIdentifier>
    </Filter>
    <Filter Include="objects">
      <UniqueIdentifier>{5dc25d20-7801-4318-8751-579965f082a7}</UniqueIdentifier>
    </Filter>
    <Filter Include="render">
      <UniqueIdentifier>{fdebd8b0-964f-426f-a347-8c2efed0fe70}</UniqueIdentifier>
    </Filter>
    <Filter Include="include">
      <UniqueIdentifier>{20009e2c-8e38-403d-99f6-bae919473383}</UniqueIdentifier>
    </Filter>
    <Filter Include="d3dobjects">
      <UniqueIdentifier>{d4bbed9b-2bbe-4b51-99c3-7f429ace1e24}</UniqueIdentifier>
    </Filter>
    <Filter Include="DDSTextureLoader11">
      <UniqueIdentifier>{e2739557-3749-44cf-a78d-2699d215ce51}</UniqueIdentifier>
    </Filter>
    <Filter Include="source">
      <UniqueIdentifier>{882d05f4-bcac-49d7-a905-54917ec5ee1b}</UniqueIdentifier>
    </Filter>
    <Filter Include="source\shaders">
      <UniqueIdentifier>{29695bc6-398a-46dc-a3ef-3ebd875fcf6c}</UniqueIdentifier>
    </Filter>
    <Filter Include="source\assets">
      <UniqueIdentifier>{2ff64970-5a76-49eb-ad70-73aff204f9c0}</UniqueIdentifier>
    </Filter>
    <Filter Include="source\assets\Knight">
      <UniqueIdentifier>{e1939fa4-a676-4010-a112-dad0535d53ae}</UniqueIdentifier>
    </Filter>
    <Filter Include="source\assets\Samurai">
      <UniqueIdentifier>{fcc7afef-fa2b-4e9a-8bbb-fbb3823c3595}</UniqueIdentifier>
    </Filter>
    <Filter Include="source\assets\Brick">
      <UniqueIdentifier>{3b93c724-c967-45e1-b5c0-8042f441ebde}</UniqueIdentifier>
    </Filter>
    <Filter Include="source\assets\Stone">
      <UniqueIdentifier>{8566f0ea-77ad-423c-a31a-a0300555d620}</UniqueIdentifier>
    </Filter>
    <Filter Include="source\assets\Sky">
      <UniqueIdentifier>{0298a816-93c8-4442-b5c7-c50048afd30d}</UniqueIdentifier>
    </Filter>
  </ItemGroup>
  <ItemGroup>
    <ClCompile Include="main.cpp">
      <Filter>Source Files</Filter>
    </ClCompile>
    <ClCompile Include="math\camera.cpp">
      <Filter>math</Filter>
    </ClCompile>
    <ClCompile Include="math\Triangle.cpp">
      <Filter>math</Filter>
    </ClCompile>
    <ClCompile Include="window\Application.cpp">
      <Filter>window</Filter>
    </ClCompile>
    <ClCompile Include="window\Renderer.cpp">
      <Filter>window</Filter>
    </ClCompile>
    <ClCompile Include="window\window.cpp">
      <Filter>window</Filter>
    </ClCompile>
    <ClCompile Include="math\vec3.cpp">
      <Filter>math</Filter>
    </ClCompile>
    <ClCompile Include="render\d3d.cpp">
      <Filter>render</Filter>
    </ClCompile>
    <ClCompile Include="render\globals.cpp">
      <Filter>render</Filter>
    </ClCompile>
    <ClCompile Include="DDSTextureLoader\DDSTextureLoader11.cpp">
      <Filter>DDSTextureLoader11</Filter>
    </ClCompile>
    <ClCompile Include="render\TextureManager.cpp">
      <Filter>render</Filter>
    </ClCompile>
    <ClCompile Include="render\ShaderManager.cpp">
      <Filter>render</Filter>
    </ClCompile>
    <ClCompile Include="objects\Sky.cpp">
      <Filter>objects</Filter>
    </ClCompile>
    <ClCompile Include="render\ModelManager.cpp">
      <Filter>render</Filter>
    </ClCompile>
    <ClCompile Include="render\MeshSystem.cpp">
      <Filter>render</Filter>
    </ClCompile>
    <ClCompile Include="render\OpaqueInstances.cpp">
      <Filter>render</Filter>
    </ClCompile>
    <ClCompile Include="render\DepthStencil.cpp">
      <Filter>render</Filter>
    </ClCompile>
    <ClCompile Include="render\LightSystem.cpp">
      <Filter>render</Filter>
    </ClCompile>
    <ClCompile Include="render\EmissiveInstances.cpp">
      <Filter>render</Filter>
    </ClCompile>
    <ClCompile Include="render\TriangleOctree.cpp">
      <Filter>render</Filter>
    </ClCompile>
    <ClCompile Include="render\TransformSystem.cpp">
      <Filter>render</Filter>
    </ClCompile>
    <ClCompile Include="render\PerFrameBuffer.cpp">
      <Filter>render</Filter>
    </ClCompile>
  </ItemGroup>
  <ItemGroup>
    <ClInclude Include="math\camera.h">
      <Filter>math</Filter>
    </ClInclude>
    <ClInclude Include="math\Floor.h">
      <Filter>math</Filter>
    </ClInclude>
    <ClInclude Include="math\Intersection.h">
      <Filter>math</Filter>
    </ClInclude>
    <ClInclude Include="math\Matr.h">
      <Filter>math</Filter>
    </ClInclude>
    <ClInclude Include="math\Quaternion.h">
      <Filter>math</Filter>
    </ClInclude>
    <ClInclude Include="math\ray.h">
      <Filter>math</Filter>
    </ClInclude>
    <ClInclude Include="math\Transform.h">
      <Filter>math</Filter>
    </ClInclude>
    <ClInclude Include="math\Triangle.h">
      <Filter>math</Filter>
    </ClInclude>
    <ClInclude Include="math\vec3.h">
      <Filter>math</Filter>
    </ClInclude>
    <ClInclude Include="window\Application.h">
      <Filter>window</Filter>
    </ClInclude>
    <ClInclude Include="window\Renderer.h">
      <Filter>window</Filter>
    </ClInclude>
    <ClInclude Include="window\Timer.h">
      <Filter>window</Filter>
    </ClInclude>
    <ClInclude Include="window\window.h">
      <Filter>window</Filter>
    </ClInclude>
    <ClInclude Include="window\InputState.h">
      <Filter>window</Filter>
    </ClInclude>
    <ClInclude Include="render\d3d.hpp">
      <Filter>render</Filter>
    </ClInclude>
    <ClInclude Include="render\DxRes.hpp">
      <Filter>render</Filter>
    </ClInclude>
    <ClInclude Include="render\globals.hpp">
      <Filter>render</Filter>
    </ClInclude>
    <ClInclude Include="include\win.hpp">
      <Filter>include</Filter>
    </ClInclude>
    <ClInclude Include="include\win_def.hpp">
      <Filter>include</Filter>
    </ClInclude>
    <ClInclude Include="include\win_undef.hpp">
      <Filter>include</Filter>
    </ClInclude>
    <ClInclude Include="DDSTextureLoader\DDSTextureLoader11.h">
      <Filter>DDSTextureLoader11</Filter>
    </ClInclude>
    <ClInclude Include="render\TextureManager.h">
      <Filter>render</Filter>
    </ClInclude>
    <ClInclude Include="render\ShaderManager.h">
      <Filter>render</Filter>
    </ClInclude>
    <ClInclude Include="render\PerFrameBuffer.h">
      <Filter>render</Filter>
    </ClInclude>
    <ClInclude Include="objects\Sky.h">
      <Filter>objects</Filter>
    </ClInclude>
    <ClInclude Include="render\ModelManager.h">
      <Filter>render</Filter>
    </ClInclude>
    <ClInclude Include="render\VertexBuffer.h">
      <Filter>render</Filter>
    </ClInclude>
    <ClInclude Include="math\vec2.h">
      <Filter>math</Filter>
    </ClInclude>
    <ClInclude Include="render\IndexBuffer.h">
      <Filter>render</Filter>
    </ClInclude>
    <ClInclude Include="render\Model.h">
      <Filter>render</Filter>
    </ClInclude>
    <ClInclude Include="render\Vertex.h">
      <Filter>render</Filter>
    </ClInclude>
    <ClInclude Include="math\vec4.h">
      <Filter>math</Filter>
    </ClInclude>
    <ClInclude Include="render\TriangleIndices.h">
      <Filter>render</Filter>
    </ClInclude>
    <ClInclude Include="render\MeshSystem.h">
      <Filter>render</Filter>
    </ClInclude>
    <ClInclude Include="render\OpaqueInstances.h">
      <Filter>render</Filter>
    </ClInclude>
    <ClInclude Include="render\Shader.h">
      <Filter>render</Filter>
    </ClInclude>
    <ClInclude Include="render\Texture.h">
      <Filter>render</Filter>
    </ClInclude>
    <ClInclude Include="render\ConstantBuffer.h">
      <Filter>render</Filter>
    </ClInclude>
    <ClInclude Include="render\RenderTarget.h">
      <Filter>render</Filter>
    </ClInclude>
    <ClInclude Include="render\DepthStencil.h">
      <Filter>render</Filter>
    </ClInclude>
    <ClInclude Include="render\PostProcess.h">
      <Filter>render</Filter>
    </ClInclude>
    <ClInclude Include="render\LightSystem.h">
      <Filter>render</Filter>
    </ClInclude>
    <ClInclude Include="render\Light.h">
      <Filter>render</Filter>
    </ClInclude>
    <ClInclude Include="render\EmissiveInstances.h">
      <Filter>render</Filter>
    </ClInclude>
    <ClInclude Include="render\SolidVector.h">
      <Filter>render</Filter>
    </ClInclude>
    <ClInclude Include="render\TriangleOctree.hpp">
      <Filter>render</Filter>
    </ClInclude>
    <ClInclude Include="math\Box.h">
      <Filter>math</Filter>
    </ClInclude>
    <ClInclude Include="render\TransformSystem.h">
      <Filter>render</Filter>
    </ClInclude>
    <ClInclude Include="render\Mesh.h">
      <Filter>render</Filter>
    </ClInclude>
    <ClInclude Include="math\MeshIntersection.h">
      <Filter>math</Filter>
    </ClInclude>
    <ClInclude Include="render\ModelID.h">
      <Filter>render</Filter>
    </ClInclude>
  </ItemGroup>
  <ItemGroup>
    <FxCompile Include="source\shaders\sky.hlsl">
      <Filter>source\shaders</Filter>
    </FxCompile>
    <FxCompile Include="source\shaders\opaque.hlsl">
      <Filter>source\shaders</Filter>
    </FxCompile>
    <FxCompile Include="source\shaders\resolve.hlsl">
      <Filter>source\shaders</Filter>
    </FxCompile>
    <FxCompile Include="source\shaders\emissive.hlsl">
      <Filter>source\shaders</Filter>
    </FxCompile>
  </ItemGroup>
  <ItemGroup>
    <None Include="source\shaders\globals.hlsli">
      <Filter>source\shaders</Filter>
    </None>
    <None Include="source\assets\Knight\Knight.fbx">
      <Filter>source\assets\Knight</Filter>
    </None>
    <None Include="source\assets\Samurai\Samurai.fbx">
      <Filter>source\assets\Samurai</Filter>
    </None>
    <None Include="source\shaders\pbr_helpers.hlsli">
      <Filter>source\shaders</Filter>
    </None>
    <None Include="source\shaders\resolve_helpers.hlsli">
      <Filter>source\shaders</Filter>
    </None>
  </ItemGroup>
  <ItemGroup>
    <Image Include="source\assets\Knight\Cape_BaseColor.dds">
      <Filter>source\assets\Knight</Filter>
    </Image>
    <Image Include="source\assets\Knight\Cape_Normal.dds">
      <Filter>source\assets\Knight</Filter>
    </Image>
    <Image Include="source\assets\Knight\Cape_Roughness.dds">
      <Filter>source\assets\Knight</Filter>
    </Image>
    <Image Include="source\assets\Knight\Eye_BaseColor.dds">
      <Filter>source\assets\Knight</Filter>
    </Image>
    <Image Include="source\assets\Knight\Fur_BaseColor.dds">
      <Filter>source\assets\Knight</Filter>
    </Image>
    <Image Include="source\assets\Knight\Fur_Normal.dds">
      <Filter>source\assets\Knight</Filter>
    </Image>
    <Image Include="source\assets\Knight\Fur_Roughness.dds">
      <Filter>source\assets\Knight</Filter>
    </Image>
    <Image Include="source\assets\Knight\Glove_BaseColor.dds">
      <Filter>source\assets\Knight</Filter>
    </Image>
    <Image Include="source\assets\Knight\Glove_Metallic.dds">
      <Filter>source\assets\Knight</Filter>
    </Image>
    <Image Include="source\assets\Knight\Glove_Normal.dds">
      <Filter>source\assets\Knight</Filter>
    </Image>
    <Image Include="source\assets\Knight\Glove_Roughness.dds">
      <Filter>source\assets\Knight</Filter>
    </Image>
    <Image Include="source\assets\Knight\Head_BaseColor.dds">
      <Filter>source\assets\Knight</Filter>
    </Image>
    <Image Include="source\assets\Knight\Head_Normal.dds">
      <Filter>source\assets\Knight</Filter>
    </Image>
    <Image Include="source\assets\Knight\Head_Roughness.dds">
      <Filter>source\assets\Knight</Filter>
    </Image>
    <Image Include="source\assets\Knight\Helmet_BaseColor.dds">
      <Filter>source\assets\Knight</Filter>
    </Image>
    <Image Include="source\assets\Knight\Helmet_Metallic.dds">
      <Filter>source\assets\Knight</Filter>
    </Image>
    <Image Include="source\assets\Knight\Helmet_Normal.dds">
      <Filter>source\assets\Knight</Filter>
    </Image>
    <Image Include="source\assets\Knight\Helmet_Roughness.dds">
      <Filter>source\assets\Knight</Filter>
    </Image>
    <Image Include="source\assets\Knight\Legs_BaseColor.dds">
      <Filter>source\assets\Knight</Filter>
    </Image>
    <Image Include="source\assets\Knight\Legs_Metallic.dds">
      <Filter>source\assets\Knight</Filter>
    </Image>
    <Image Include="source\assets\Knight\Legs_Normal.dds">
      <Filter>source\assets\Knight</Filter>
    </Image>
    <Image Include="source\assets\Knight\Legs_Roughness.dds">
      <Filter>source\assets\Knight</Filter>
    </Image>
    <Image Include="source\assets\Knight\Skirt_BaseColor.dds">
      <Filter>source\assets\Knight</Filter>
    </Image>
    <Image Include="source\assets\Knight\Skirt_Normal.dds">
      <Filter>source\assets\Knight</Filter>
    </Image>
    <Image Include="source\assets\Knight\Skirt_Roughness.dds">
      <Filter>source\assets\Knight</Filter>
    </Image>
    <Image Include="source\assets\Knight\Torso_BaseColor.dds">
      <Filter>source\assets\Knight</Filter>
    </Image>
    <Image Include="source\assets\Knight\Torso_Metallic.dds">
      <Filter>source\assets\Knight</Filter>
    </Image>
    <Image Include="source\assets\Knight\Torso_Normal.dds">
      <Filter>source\assets\Knight</Filter>
    </Image>
    <Image Include="source\assets\Knight\Torso_Roughness.dds">
      <Filter>source\assets\Knight</Filter>
    </Image>
    <Image Include="source\assets\Samurai\Eye_BaseColor.dds">
      <Filter>source\assets\Samurai</Filter>
    </Image>
    <Image Include="source\assets\Samurai\Hand_BaseColor.dds">
      <Filter>source\assets\Samurai</Filter>
    </Image>
    <Image Include="source\assets\Samurai\Hand_Normal.dds">
      <Filter>source\assets\Samurai</Filter>
    </Image>
    <Image Include="source\assets\Samurai\Hand_Roughness.dds">
      <Filter>source\assets\Samurai</Filter>
    </Image>
    <Image Include="source\assets\Samurai\Head_BaseColor.dds">
      <Filter>source\assets\Samurai</Filter>
    </Image>
    <Image Include="source\assets\Samurai\Head_Normal.dds">
      <Filter>source\assets\Samurai</Filter>
    </Image>
    <Image Include="source\assets\Samurai\Head_Roughness.dds">
      <Filter>source\assets\Samurai</Filter>
    </Image>
    <Image Include="source\assets\Samurai\Helmet_BaseColor.dds">
      <Filter>source\assets\Samurai</Filter>
    </Image>
    <Image Include="source\assets\Samurai\Helmet_Metallic.dds">
      <Filter>source\assets\Samurai</Filter>
    </Image>
    <Image Include="source\assets\Samurai\Helmet_Normal.dds">
      <Filter>source\assets\Samurai</Filter>
    </Image>
    <Image Include="source\assets\Samurai\Helmet_Roughness.dds">
      <Filter>source\assets\Samurai</Filter>
    </Image>
    <Image Include="source\assets\Samurai\Legs_BaseColor.dds">
      <Filter>source\assets\Samurai</Filter>
    </Image>
    <Image Include="source\assets\Samurai\Legs_Metallic.dds">
      <Filter>source\assets\Samurai</Filter>
    </Image>
    <Image Include="source\assets\Samurai\Legs_Normal.dds">
      <Filter>source\assets\Samurai</Filter>
    </Image>
    <Image Include="source\assets\Samurai\Legs_Roughness.dds">
      <Filter>source\assets\Samurai</Filter>
    </Image>
    <Image Include="source\assets\Samurai\Sword_BaseColor.dds">
      <Filter>source\assets\Samurai</Filter>
    </Image>
    <Image Include="source\assets\Samurai\Sword_Metallic.dds">
      <Filter>source\assets\Samurai</Filter>
    </Image>
    <Image Include="source\assets\Samurai\Sword_Normal.dds">
      <Filter>source\assets\Samurai</Filter>
    </Image>
    <Image Include="source\assets\Samurai\Sword_Roughness.dds">
      <Filter>source\assets\Samurai</Filter>
    </Image>
    <Image Include="source\assets\Samurai\Torso_BaseColor.dds">
      <Filter>source\assets\Samurai</Filter>
    </Image>
    <Image Include="source\assets\Samurai\Torso_Metallic.dds">
      <Filter>source\assets\Samurai</Filter>
    </Image>
    <Image Include="source\assets\Samurai\Torso_Normal.dds">
      <Filter>source\assets\Samurai</Filter>
    </Image>
    <Image Include="source\assets\Samurai\Torso_Roughness.dds">
      <Filter>source\assets\Samurai</Filter>
    </Image>
    <Image Include="source\assets\Brick\Brick_Wall_012_COLOR.dds">
      <Filter>source\assets\Brick</Filter>
    </Image>
    <Image Include="source\assets\Brick\Brick_Wall_012_NORM.dds">
      <Filter>source\assets\Brick</Filter>
    </Image>
    <Image Include="source\assets\Brick\Brick_Wall_012_ROUGH.dds">
      <Filter>source\assets\Brick</Filter>
    </Image>
    <Image Include="source\assets\Stone\Stone_COLOR.dds">
      <Filter>source\assets\Stone</Filter>
    </Image>
    <Image Include="source\assets\Stone\Stone_NORM.dds">
      <Filter>source\assets\Stone</Filter>
    </Image>
    <Image Include="source\assets\Stone\Stone_ROUGH.dds">
      <Filter>source\assets\Stone</Filter>
    </Image>
    <Image Include="source\assets\Sky\lake_beach.dds">
      <Filter>source\assets\Sky</Filter>
    </Image>
  </ItemGroup>
</Project>