
Microsoft Visual Studio Solution File, Format Version 12.00
# Visual Studio Version 16
VisualStudioVersion = 16.0.32428.217
MinimumVisualStudioVersion = 10.0.40219.1
Project("{8BC9CEB8-8B4A-11D0-8D11-00A0C91BC942}") = "RenderProject", "RenderProject.vcxproj", "{7FD8B628-9C14-4327-AC78-5AEF85ADF41D}"
EndProject
Global
	GlobalSection(SolutionConfigurationPlatforms) = preSolution
		Debug|x64 = Debug|x64
		Debug|x86 = Debug|x86
		Release|x64 = Release|x64
		Release|x86 = Release|x86
	EndGlobalSection
	GlobalSection(ProjectConfigurationPlatforms) = postSolution
		{7FD8B628-9C14-4327-AC78-5AEF85ADF41D}.Debug|x64.ActiveCfg = Debug|x64
		{7FD8B628-9C14-4327-AC78-5AEF85ADF41D}.Debug|x64.Build.0 = Debug|x64
		{7FD8B628-9C14-4327-AC78-5AEF85ADF41D}.Debug|x86.ActiveCfg = Debug|Win32
		{7FD8B628-9C14-4327-AC78-5AEF85ADF41D}.Debug|x86.Build.0 = Debug|Win32
		{7FD8B628-9C14-4327-AC78-5AEF85ADF41D}.Release|x64.ActiveCfg = Release|x64
		{7FD8B628-9C14-4327-AC78-5AEF85ADF41D}.Release|x64.Build.0 = Release|x64
		{7FD8B628-9C14-4327-AC78-5AEF85ADF41D}.Release|x86.ActiveCfg = Release|Win32
		{7FD8B628-9C14-4327-AC78-5AEF85ADF41D}.Release|x86.Build.0 = Release|Win32
	EndGlobalSection
	GlobalSection(SolutionProperties) = preSolution
		HideSolutionNode = FALSE
	EndGlobalSection
	GlobalSection(ExtensibilityGlobals) = postSolution
		SolutionGuid = {E74C24C2-B7C2-4AA8-94C6-D80CCEC8FB6B}
	EndGlobalSection
EndGlobal
