<?xml version="1.0" encoding="utf-8"?>
<Project ToolsVersion="4.0" xmlns="http://schemas.microsoft.com/developer/msbuild/2003">
  <ItemGroup>
    <Filter Include="Source Files">
      <UniqueIdentifier>{4FC737F1-C7A5-4376-A066-2A32D752A2FF}</UniqueIdentifier>
      <Extensions>cpp;c;cc;cxx;c++;cppm;ixx;def;odl;idl;hpj;bat;asm;asmx</Extensions>
    </Filter>
    <Filter Include="Header Files">
      <UniqueIdentifier>{93995380-89BD-4b04-88EB-625FBE52EBFB}</UniqueIdentifier>
      <Extensions>h;hh;hpp;hxx;h++;hm;inl;inc;ipp;xsd</Extensions>
    </Filter>
    <Filter Include="Resource Files">
      <UniqueIdentifier>{67DA6AB6-F800-4c08-8B7A-83BB121AAD01}</UniqueIdentifier>
      <Extensions>rc;ico;cur;bmp;dlg;rc2;rct;bin;rgs;gif;jpg;jpeg;jpe;resx;tiff;tif;png;wav;mfcribbon-ms</Extensions>
    </Filter>
    <Filter Include="math">
      <UniqueIdentifier>{d01d4ff0-9ad5-46df-9095-609bcbcf5263}</UniqueIdentifier>
    </Filter>
    <Filter Include="window">
      <UniqueIdentifier>{87e8a099-a76e-4d62-9c9d-1429ed737312}</UniqueIdentifier>
    </Filter>
    <Filter Include="objects">
      <UniqueIdentifier>{5dc25d20-7801-4318-8751-579965f082a7}</UniqueIdentifier>
    </Filter>
  </ItemGroup>
  <ItemGroup>
    <ClCompile Include="main.cpp">
      <Filter>Source Files</Filter>
    </ClCompile>
    <ClCompile Include="math\camera.cpp">
      <Filter>math</Filter>
    </ClCompile>
    <ClCompile Include="math\Cube.cpp">
      <Filter>math</Filter>
    </ClCompile>
    <ClCompile Include="math\Matr.cpp">
      <Filter>math</Filter>
    </ClCompile>
    <ClCompile Include="math\sphere.cpp">
      <Filter>math</Filter>
    </ClCompile>
    <ClCompile Include="math\Triangle.cpp">
      <Filter>math</Filter>
    </ClCompile>
    <ClCompile Include="window\controller.cpp">
      <Filter>window</Filter>
    </ClCompile>
    <ClCompile Include="window\Scene.cpp">
      <Filter>window</Filter>
    </ClCompile>
    <ClCompile Include="window\window.cpp">
      <Filter>window</Filter>
    </ClCompile>
  </ItemGroup>
  <ItemGroup>
    <ClInclude Include="math\camera.h">
      <Filter>math</Filter>
    </ClInclude>
    <ClInclude Include="math\Cube.h">
      <Filter>math</Filter>
    </ClInclude>
    <ClInclude Include="math\Floor.h">
      <Filter>math</Filter>
    </ClInclude>
    <ClInclude Include="math\Intersection.h">
      <Filter>math</Filter>
    </ClInclude>
    <ClInclude Include="math\Light.h">
      <Filter>math</Filter>
    </ClInclude>
    <ClInclude Include="math\Material.h">
      <Filter>math</Filter>
    </ClInclude>
    <ClInclude Include="math\Matr.h">
      <Filter>math</Filter>
    </ClInclude>
    <ClInclude Include="math\Quaternion.h">
      <Filter>math</Filter>
    </ClInclude>
    <ClInclude Include="math\ray.h">
      <Filter>math</Filter>
    </ClInclude>
    <ClInclude Include="math\sphere.h">
      <Filter>math</Filter>
    </ClInclude>
    <ClInclude Include="math\Transform.h">
      <Filter>math</Filter>
    </ClInclude>
    <ClInclude Include="math\Triangle.h">
      <Filter>math</Filter>
    </ClInclude>
    <ClInclude Include="math\vec3.h">
      <Filter>math</Filter>
    </ClInclude>
    <ClInclude Include="window\controller.h">
      <Filter>window</Filter>
    </ClInclude>
    <ClInclude Include="window\Scene.h">
      <Filter>window</Filter>
    </ClInclude>
    <ClInclude Include="window\Timer.h">
      <Filter>window</Filter>
    </ClInclude>
    <ClInclude Include="window\window.h">
      <Filter>window</Filter>
    </ClInclude>
    <ClInclude Include="objects\Cube.h">
      <Filter>objects</Filter>
    </ClInclude>
    <ClInclude Include="objects\Floor.h">
      <Filter>objects</Filter>
    </ClInclude>
    <ClInclude Include="objects\IntersectionQuery.h">
      <Filter>objects</Filter>
    </ClInclude>
    <ClInclude Include="objects\Material.h">
      <Filter>objects</Filter>
    </ClInclude>
    <ClInclude Include="objects\ObjectMover.h">
      <Filter>objects</Filter>
    </ClInclude>
    <ClInclude Include="objects\ObjRef.h">
      <Filter>objects</Filter>
    </ClInclude>
    <ClInclude Include="objects\Sphere.h">
      <Filter>objects</Filter>
    </ClInclude>
    <ClInclude Include="window\InputState.h">
      <Filter>window</Filter>
    </ClInclude>
  </ItemGroup>
</Project>